{
  "name": "accept-ranges",
  "version": "0.0.1",
  "lockfileVersion": 3,
  "requires": true,
  "packages": {
    "": {
      "name": "accept-ranges",
      "version": "0.0.1",
      "license": "CC0-1.0",
      "dependencies": {
        "cross-fetch": "^3.0.6"
      },
      "devDependencies": {
        "flug": "^2.1.0"
      }
    },
    "node_modules/cross-fetch": {
      "version": "3.0.6",
      "resolved": "https://registry.npmjs.org/cross-fetch/-/cross-fetch-3.0.6.tgz",
      "integrity": "sha512-KBPUbqgFjzWlVcURG+Svp9TlhA5uliYtiNx/0r8nv0pdypeQCRJ9IaSIc3q/x3q8t3F75cHuwxVql1HFGHCNJQ==",
      "dependencies": {
        "node-fetch": "2.6.1"
      }
    },
    "node_modules/flug": {
      "version": "2.1.0",
      "resolved": "https://registry.npmjs.org/flug/-/flug-2.1.0.tgz",
      "integrity": "sha512-2cYLCvJpeScx5/5xN/nGiJR2i7ZzN+1ipk/YoreQQGDgHkD1Do8F8/1eyzaUSwNsOB551FNWDQpWZWOKTy1nyQ==",
      "dev": true
    },
    "node_modules/node-fetch": {
      "version": "2.6.1",
      "resolved": "https://registry.npmjs.org/node-fetch/-/node-fetch-2.6.1.tgz",
      "integrity": "sha512-V4aYg89jEoVRxRb2fJdAg8FHvI7cEyYdVAh94HH0UIK8oJxUfkjlDQN9RbMx+bEjP7+ggMiFRprSti032Oipxw==",
      "engines": {
        "node": "4.x || >=6.0.0"
      }
    }
  }
}
