{
  "_meta": {
    "hash": {
      "sha256": "684eec581468eb050f7a21006027b0a7a944aecee23de9b7a780310fef1495fd"
    },
    "pipfile-spec": 6,
    "requires": {},
    "sources": [
      {
        "name": "pypi",
        "url": "https://pypi.org/simple",
        "verify_ssl": true
      }
    ]
  },
  "default": {},
  "develop": {
    "certifi": {
      "hashes": [
        "sha256:2bbf76fd432960138b3ef6dda3dde0544f27cbf8546c458e60baf371917ba9ee",
        "sha256:50b1e4f8446b06f41be7dd6338db18e0990601dce795c2b1686458aa7e8fa7d8"
      ],
      "version": "==2021.5.30"
    },
    "charset-normalizer": {
      "hashes": [
        "sha256:88fce3fa5b1a84fdcb3f603d889f723d1dd89b26059d0123ca435570e848d5e1",
        "sha256:c46c3ace2d744cfbdebceaa3c19ae691f53ae621b39fd7570f59d14fb7f2fd12"
      ],
      "markers": "python_version >= '3'",
      "version": "==2.0.3"
    },
    "click": {
      "hashes": [
        "sha256:8c04c11192119b1ef78ea049e0a6f0463e4c48ef00a30160c704337586f3ad7a",
        "sha256:fba402a4a47334742d782209a7c79bc448911afe1149d07bdabdf480b3e2f4b6"
      ],
      "index": "pypi",
      "version": "==8.0.1"
    },
    "idna": {
      "hashes": [
        "sha256:14475042e284991034cb48e06f6851428fb14c4dc953acd9be9a5e95c7b6dd7a",
        "sha256:467fbad99067910785144ce333826c71fb0e63a425657295239737f7ecd125f3"
      ],
      "markers": "python_version >= '3'",
      "version": "==3.2"
    },
    "requests": {
      "hashes": [
        "sha256:6c1246513ecd5ecd4528a0906f910e8f0f9c6b8ec72030dc9fd154dc1a6efd24",
        "sha256:b8aa58f8cf793ffd8782d3d8cb19e66ef36f7aba4353eec859e74678b01b07a7"
      ],
      "index": "pypi",
      "version": "==2.26.0"
    },
    "sh": {
      "hashes": [
        "sha256:4921ac9c1a77ec8084bdfaf152fe14138e2b3557cc740002c1a97076321fce8a",
        "sha256:9d7bd0334d494b2a4609fe521b2107438cdb21c0e469ffeeb191489883d6fe0d"
      ],
      "index": "pypi",
      "version": "==1.14.2"
    },
    "urllib3": {
      "hashes": [
        "sha256:39fb8672126159acb139a7718dd10806104dec1e2f0f6c88aab05d17df10c8d4",
        "sha256:f57b4c16c62fa2760b7e3d97c35b255512fb6b59a259730f36ba32ce9f8e342f"
      ],
      "markers": "python_version >= '2.7' and python_version not in '3.0, 3.1, 3.2, 3.3, 3.4' and python_version < '4'",
      "version": "==1.26.6"
    }
  }
}
