lockfileVersion: 5.3

specifiers:
  aws-sdk: ^2.1087.0

dependencies:
  aws-sdk: 2.1087.0

packages:

  /aws-sdk/2.1087.0:
    resolution: {integrity: sha512-m5EERT29Fwh2cv3SaSdygeAjJBXnjSaXRRERy70bf6PQ7KgmASJouBxY11g5G7LTEPK/yfB0TGshujKh3hEtPA==}
    engines: {node: '>= 10.0.0'}
    dependencies:
      buffer: 4.9.2
      events: 1.1.1
      ieee754: 1.1.13
      jmespath: 0.16.0
      querystring: 0.2.0
      sax: 1.2.1
      url: 0.10.3
      uuid: 3.3.2
      xml2js: 0.4.19
    dev: false

  /base64-js/1.5.1:
    resolution: {integrity: sha512-AKpaYlHn8t4SVbOHCy+b5+KKgvR4vrsD8vbvrbiQJps7fKDTkjkDry6ji0rUJjC0kzbNePLwzxq8iypo41qeWA==}
    dev: false

  /buffer/4.9.2:
    resolution: {integrity: sha512-xq+q3SRMOxGivLhBNaUdC64hDTQwejJ+H0T/NB1XMtTVEwNTrfFF3gAxiyW0Bu/xWEGhjVKgUcMhCrUy2+uCWg==}
    dependencies:
      base64-js: 1.5.1
      ieee754: 1.1.13
      isarray: 1.0.0
    dev: false

  /events/1.1.1:
    resolution: {integrity: sha1-nr23Y1rQmccNzEwqH1AEKI6L2SQ=}
    engines: {node: '>=0.4.x'}
    dev: false

  /ieee754/1.1.13:
    resolution: {integrity: sha512-4vf7I2LYV/HaWerSo3XmlMkp5eZ83i+/CDluXi/IGTs/O1sejBNhTtnxzmRZfvOUqj7lZjqHkeTvpgSFDlWZTg==}
    dev: false

  /isarray/1.0.0:
    resolution: {integrity: sha1-u5NdSFgsuhaMBoNJV6VKPgcSTxE=}
    dev: false

  /jmespath/0.16.0:
    resolution: {integrity: sha512-9FzQjJ7MATs1tSpnco1K6ayiYE3figslrXA72G2HQ/n76RzvYlofyi5QM+iX4YRs/pu3yzxlVQSST23+dMDknw==}
    engines: {node: '>= 0.6.0'}
    dev: false

  /punycode/1.3.2:
    resolution: {integrity: sha1-llOgNvt8HuQjQvIyXM7v6jkmxI0=}
    dev: false

  /querystring/0.2.0:
    resolution: {integrity: sha1-sgmEkgO7Jd+CDadW50cAWHhSFiA=}
    engines: {node: '>=0.4.x'}
    deprecated: The querystring API is considered Legacy. new code should use the URLSearchParams API instead.
    dev: false

  /sax/1.2.1:
    resolution: {integrity: sha1-e45lYZCyKOgaZq6nSEgNgozS03o=}
    dev: false

  /url/0.10.3:
    resolution: {integrity: sha1-Ah5NnHcF8hu/N9A861h2dAJ3TGQ=}
    dependencies:
      punycode: 1.3.2
      querystring: 0.2.0
    dev: false

  /uuid/3.3.2:
    resolution: {integrity: sha512-yXJmeNaw3DnnKAOKJE51sL/ZaYfWJRl1pK9dr19YFCu0ObS231AB1/LbqTKRAQ5kw8A90rA6fr4riOUpTZvQZA==}
    deprecated: Please upgrade  to version 7 or higher.  Older versions may use Math.random() in certain circumstances, which is known to be problematic.  See https://v8.dev/blog/math-random for details.
    hasBin: true
    dev: false

  /xml2js/0.4.19:
    resolution: {integrity: sha512-esZnJZJOiJR9wWKMyuvSE1y6Dq5LCuJanqhxslH2bxM6duahNZ+HMpCLhBQGZkbX6xRf8x1Y2eJlgt2q3qo49Q==}
    dependencies:
      sax: 1.2.1
      xmlbuilder: 9.0.7
    dev: false

  /xmlbuilder/9.0.7:
    resolution: {integrity: sha1-Ey7mPS7FVlxVfiD0wi35rKaGsQ0=}
    engines: {node: '>=4.0'}
    dev: false
