lockfileVersion: 5.3

specifiers:
  aws-sdk: ^2.1087.0
  uuid: ^8.0.0

dependencies:
  aws-sdk: 2.1087.0
  uuid: 8.3.2

packages:

  /uuid/3.3.2:
    resolution: {integrity: sha512-yXJmeNaw3DnnKAOKJE51sL/ZaYfWJRl1pK9dr19YFCu0ObS231AB1/LbqTKRAQ5kw8A90rA6fr4riOUpTZvQZA==}
    deprecated: Please upgrade  to version 7 or higher.  Older versions may use Math.random() in certain circumstances, which is known to be problematic.  See https://v8.dev/blog/math-random for details.
    hasBin: true
    dev: false

  /uuid/8.3.2:
    resolution: {integrity: sha512-+NYs2QeMWy+GWFOEm9xnn6HCDp0l7QBD7ml8zLUmJ+93Q5NF0NocErnwkTkXVFNiX3/fpC6afS8Dhb/gz7R7eg==}
    hasBin: true
    dev: false

  /xmlbuilder/9.0.7:
    resolution: {integrity: sha1-Ey7mPS7FVlxVfiD0wi35rKaGsQ0=}
    engines: {node: '>=4.0'}
    dev: false
