{
    "_meta": {
        "hash": {
            "sha256": "c549b7f12b51e3f9b2cd646571bbd7fce4a004c41099cfdf44dca2ad4a582906"
        },
        "pipfile-spec": 6,
        "requires": {
            "python_version": "3.11"
        },
        "sources": [
            {
                "name": "pypi",
                "url": "https://pypi.org/simple",
                "verify_ssl": true
            }
        ]
    },
    "default": {
        "boltons": {
            "hashes": [
                "sha256:dc9fb38bf28985715497d1b54d00b62ea866eca3938938ea9043e254a3a6ca62",
                "sha256:e110fbdc30b7b9868cb604e3f71d4722dd8f4dcb4a5ddd06028ba8f1ab0b5ace"
            ],
            "index": "pypi",
            "version": "==25.0.0"
        },
        "grpcio": {
            "hashes": [
                "sha256:0495c86a55a04a874c7627fd33e5beaee771917d92c0e6d9d797628ac40e7655",
                "sha256:07269ff4940f6fb6710951116a04cd70284da86d0a4368fd5a3b552744511f5a",
                "sha256:0a5c78d5198a1f0aa60006cd6eb1c912b4a1520b6a3968e677dbcba215fabb40",
                "sha256:0ba0a173f4feacf90ee618fbc1a27956bfd21260cd31ced9bc707ef551ff7dc7",
                "sha256:0cd430b9215a15c10b0e7d78f51e8a39d6cf2ea819fd635a7214fae600b1da27",
                "sha256:0de706c0a5bb9d841e353f6343a9defc9fc35ec61d6eb6111802f3aa9fef29e1",
                "sha256:17325b0be0c068f35770f944124e8839ea3185d6d54862800fc28cc2ffad205a",
                "sha256:2394e3381071045a706ee2eeb6e08962dd87e8999b90ac15c55f56fa5a8c9597",
                "sha256:27cc75e22c5dba1fbaf5a66c778e36ca9b8ce850bf58a9db887754593080d839",
                "sha256:2b0d02e4b25a5c1f9b6c7745d4fa06efc9fd6a611af0fb38d3ba956786b95199",
                "sha256:374d014f29f9dfdb40510b041792e0e2828a1389281eb590df066e1cc2b404e5",
                "sha256:3b0f01f6ed9994d7a0b27eeddea43ceac1b7e6f3f9d86aeec0f0064b8cf50fdb",
                "sha256:4119fed8abb7ff6c32e3d2255301e59c316c22d31ab812b3fbcbaf3d0d87cc68",
                "sha256:412faabcc787bbc826f51be261ae5fa996b21263de5368a55dc2cf824dc5090e",
                "sha256:4f1937f47c77392ccd555728f564a49128b6a197a05a5cd527b796d36f3387d0",
                "sha256:5413549fdf0b14046c545e19cfc4eb1e37e9e1ebba0ca390a8d4e9963cab44d2",
                "sha256:558c386ecb0148f4f99b1a65160f9d4b790ed3163e8610d11db47838d452512d",
                "sha256:58ad9ba575b39edef71f4798fdb5c7b6d02ad36d47949cd381d4392a5c9cbcd3",
                "sha256:5ea67c72101d687d44d9c56068328da39c9ccba634cabb336075fae2eab0d04b",
                "sha256:7385b1cb064734005204bc8994eed7dcb801ed6c2eda283f613ad8c6c75cf873",
                "sha256:7c73c42102e4a5ec76608d9b60227d917cea46dff4d11d372f64cbeb56d259d0",
                "sha256:8058667a755f97407fca257c844018b80004ae8035565ebc2812cc550110718d",
                "sha256:879a61bf52ff8ccacbedf534665bb5478ec8e86ad483e76fe4f729aaef867cab",
                "sha256:880bfb43b1bb8905701b926274eafce5c70a105bc6b99e25f62e98ad59cb278e",
                "sha256:8d1584a68d5922330025881e63a6c1b54cc8117291d382e4fa69339b6d914c56",
                "sha256:95469d1977429f45fe7df441f586521361e235982a0b39e33841549143ae2851",
                "sha256:9e654c4b17d07eab259d392e12b149c3a134ec52b11ecdc6a515b39aceeec898",
                "sha256:a31d7e3b529c94e930a117b2175b2efd179d96eb3c7a21ccb0289a8ab05b645c",
                "sha256:aa47688a65643afd8b166928a1da6247d3f46a2784d301e48ca1cc394d2ffb40",
                "sha256:aa573896aeb7d7ce10b1fa425ba263e8dddd83d71530d1322fd3a16f31257b4a",
                "sha256:aba19419aef9b254e15011b230a180e26e0f6864c90406fdbc255f01d83bc83c",
                "sha256:ac073fe1c4cd856ebcf49e9ed6240f4f84d7a4e6ee95baa5d66ea05d3dd0df7f",
                "sha256:b3c76701428d2df01964bc6479422f20e62fcbc0a37d82ebd58050b86926ef8c",
                "sha256:b745d2c41b27650095e81dea7091668c040457483c9bdb5d0d9de8f8eb25e59f",
                "sha256:bb491125103c800ec209d84c9b51f1c60ea456038e4734688004f377cfacc113",
                "sha256:c1af8e15b0f0fe0eac75195992a63df17579553b0c4af9f8362cc7cc99ccddf4",
                "sha256:c78b339869f4dbf89881e0b6fbf376313e4f845a42840a7bdf42ee6caed4b11f",
                "sha256:cb5277db254ab7586769e490b7b22f4ddab3876c490da0a1a9d7c695ccf0bf77",
                "sha256:cbce24409beaee911c574a3d75d12ffb8c3e3dd1b813321b1d7a96bbcac46bf4",
                "sha256:cd24d2d9d380fbbee7a5ac86afe9787813f285e684b0271599f95a51bce33528",
                "sha256:ce7df14b2dcd1102a2ec32f621cc9fab6695effef516efbc6b063ad749867295",
                "sha256:d24035d49e026353eb042bf7b058fb831db3e06d52bee75c5f2f3ab453e71aca",
                "sha256:d405b005018fd516c9ac529f4b4122342f60ec1cee181788249372524e6db429",
                "sha256:d63764963412e22f0491d0d32833d71087288f4e24cbcddbae82476bfa1d81fd",
                "sha256:dbe41ad140df911e796d4463168e33ef80a24f5d21ef4d1e310553fcd2c4a386",
                "sha256:dfa089a734f24ee5f6880c83d043e4f46bf812fcea5181dcb3a572db1e79e01c",
                "sha256:e27585831aa6b57b9250abaf147003e126cd3a6c6ca0c531a01996f31709bed1",
                "sha256:e7831a0fc1beeeb7759f737f5acd9fdcda520e955049512d68fda03d91186eea",
                "sha256:ed9718f17fbdb472e33b869c77a16d0b55e166b100ec57b016dc7de9c8d236bf",
                "sha256:ef4c14508299b1406c32bdbb9fb7b47612ab979b04cf2b27686ea31882387cff",
                "sha256:f19375f0300b96c0117aca118d400e76fede6db6e91f3c34b7b035822e06c35f",
                "sha256:f2af68a6f5c8f78d56c145161544ad0febbd7479524a59c16b3e25053f39c87f",
                "sha256:f32090238b720eb585248654db8e3afc87b48d26ac423c8dde8334a232ff53c9",
                "sha256:fe9dbd916df3b60e865258a8c72ac98f3ac9e2a9542dcb72b7a34d236242a5ce",
                "sha256:ff4a8112a79464919bb21c18e956c54add43ec9a4850e3949da54f61c241a4a6"
            ],
            "markers": "python_version >= '3.8'",
            "version": "==1.70.0"
        },
        "numpy": {
            "hashes": [
                "sha256:0391ea3622f5c51a2e29708877d56e3d276827ac5447d7f45e9bc4ade8923c52",
                "sha256:12c045f43b1d2915eca6b880a7f4a256f59d62df4f044788c8ba67709412128d",
                "sha256:136553f123ee2951bfcfbc264acd34a2fc2f29d7cdf610ce7daf672b6fbaa693",
                "sha256:1402da8e0f435991983d0a9708b779f95a8c98c6b18a171b9f1be09005e64d9d",
                "sha256:16372619ee728ed67a2a606a614f56d3eabc5b86f8b615c79d01957062826ca8",
                "sha256:1ad78ce7f18ce4e7df1b2ea4019b5817a2f6a8a16e34ff2775f646adce0a5027",
                "sha256:1b416af7d0ed3271cad0f0a0d0bee0911ed7eba23e66f8424d9f3dfcdcae1304",
                "sha256:1f45315b2dc58d8a3e7754fe4e38b6fce132dab284a92851e41b2b344f6441c5",
                "sha256:2376e317111daa0a6739e50f7ee2a6353f768489102308b0d98fcf4a04f7f3b5",
                "sha256:23c9f4edbf4c065fddb10a4f6e8b6a244342d95966a48820c614891e5059bb50",
                "sha256:246535e2f7496b7ac85deffe932896a3577be7af8fb7eebe7146444680297e9a",
                "sha256:2e8da03bd561504d9b20e7a12340870dfc206c64ea59b4cfee9fceb95070ee94",
                "sha256:34c1b7e83f94f3b564b35f480f5652a47007dd91f7c839f404d03279cc8dd021",
                "sha256:39261798d208c3095ae4f7bc8eaeb3481ea8c6e03dc48028057d3cbdbdb8937e",
                "sha256:3b787adbf04b0db1967798dba8da1af07e387908ed1553a0d6e74c084d1ceafe",
                "sha256:3c2ec8a0f51d60f1e9c0c5ab116b7fc104b165ada3f6c58abf881cb2eb16044d",
                "sha256:435e7a933b9fda8126130b046975a968cc2d833b505475e588339e09f7672890",
                "sha256:4d8335b5f1b6e2bce120d55fb17064b0262ff29b459e8493d1785c18ae2553b8",
                "sha256:4d9828d25fb246bedd31e04c9e75714a4087211ac348cb39c8c5f99dbb6683fe",
                "sha256:52659ad2534427dffcc36aac76bebdd02b67e3b7a619ac67543bc9bfe6b7cdb1",
                "sha256:5266de33d4c3420973cf9ae3b98b54a2a6d53a559310e3236c4b2b06b9c07d4e",
                "sha256:5521a06a3148686d9269c53b09f7d399a5725c47bbb5b35747e1cb76326b714b",
                "sha256:596140185c7fa113563c67c2e894eabe0daea18cf8e33851738c19f70ce86aeb",
                "sha256:5b732c8beef1d7bc2d9e476dbba20aaff6167bf205ad9aa8d30913859e82884b",
                "sha256:5ebeb7ef54a7be11044c33a17b2624abe4307a75893c001a4800857956b41094",
                "sha256:712a64103d97c404e87d4d7c47fb0c7ff9acccc625ca2002848e0d53288b90ea",
                "sha256:7678556eeb0152cbd1522b684dcd215250885993dd00adb93679ec3c0e6e091c",
                "sha256:77974aba6c1bc26e3c205c2214f0d5b4305bdc719268b93e768ddb17e3fdd636",
                "sha256:783145835458e60fa97afac25d511d00a1eca94d4a8f3ace9fe2043003c678e4",
                "sha256:7bfdb06b395385ea9b91bf55c1adf1b297c9fdb531552845ff1d3ea6e40d5aba",
                "sha256:7c8dde0ca2f77828815fd1aedfdf52e59071a5bae30dac3b4da2a335c672149a",
                "sha256:83807d445817326b4bcdaaaf8e8e9f1753da04341eceec705c001ff342002e5d",
                "sha256:87eed225fd415bbae787f93a457af7f5990b92a334e346f72070bf569b9c9c95",
                "sha256:8fb62fe3d206d72fe1cfe31c4a1106ad2b136fcc1606093aeab314f02930fdf2",
                "sha256:95172a21038c9b423e68be78fd0be6e1b97674cde269b76fe269a5dfa6fadf0b",
                "sha256:9f48ba6f6c13e5e49f3d3efb1b51c8193215c42ac82610a04624906a9270be6f",
                "sha256:a0c03b6be48aaf92525cccf393265e02773be8fd9551a2f9adbe7db1fa2b60f1",
                "sha256:a5ae282abe60a2db0fd407072aff4599c279bcd6e9a2475500fc35b00a57c532",
                "sha256:aee2512827ceb6d7f517c8b85aa5d3923afe8fc7a57d028cffcd522f1c6fd082",
                "sha256:c8b0451d2ec95010d1db8ca733afc41f659f425b7f608af569711097fd6014e2",
                "sha256:c9aa4496fd0e17e3843399f533d62857cef5900facf93e735ef65aa4bbc90ef0",
                "sha256:cbc6472e01952d3d1b2772b720428f8b90e2deea8344e854df22b0618e9cce71",
                "sha256:cdfe0c22692a30cd830c0755746473ae66c4a8f2e7bd508b35fb3b6a0813d787",
                "sha256:cf802eef1f0134afb81fef94020351be4fe1d6681aadf9c5e862af6602af64ef",
                "sha256:d42f9c36d06440e34226e8bd65ff065ca0963aeecada587b937011efa02cdc9d",
                "sha256:d5b47c440210c5d1d67e1cf434124e0b5c395eee1f5806fdd89b553ed1acd0a3",
                "sha256:d9b4a8148c57ecac25a16b0e11798cbe88edf5237b0df99973687dd866f05e1b",
                "sha256:daf43a3d1ea699402c5a850e5313680ac355b4adc9770cd5cfc2940e7861f1bf",
                "sha256:dbdc15f0c81611925f382dfa97b3bd0bc2c1ce19d4fe50482cb0ddc12ba30020",
                "sha256:deaa09cd492e24fd9b15296844c0ad1b3c976da7907e1c1ed3a0ad21dded6f76",
                "sha256:e37242f5324ffd9f7ba5acf96d774f9276aa62a966c0bad8dae692deebec7716",
                "sha256:ed2cf9ed4e8ebc3b754d398cba12f24359f018b416c380f577bbae112ca52fc9",
                "sha256:f2712c5179f40af9ddc8f6727f2bd910ea0eb50206daea75f58ddd9fa3f715bb",
                "sha256:f4ca91d61a4bf61b0f2228f24bbfa6a9facd5f8af03759fe2a655c50ae2c6610",
                "sha256:f6b3dfc7661f8842babd8ea07e9897fe3d9b69a1d7e5fbb743e4160f9387833b"
            ],
            "index": "pypi",
            "version": "==2.2.3"
        },
        "protobuf": {
            "hashes": [
                "sha256:0a18ed4a24198528f2333802eb075e59dea9d679ab7a6c5efb017a59004d849f",
                "sha256:0eb32bfa5219fc8d4111803e9a690658aa2e6366384fd0851064b963b6d1f2a7",
                "sha256:3ea51771449e1035f26069c4c7fd51fba990d07bc55ba80701c78f886bf9c888",
                "sha256:5da0f41edaf117bde316404bad1a486cb4ededf8e4a54891296f648e8e076620",
                "sha256:6ce8cc3389a20693bfde6c6562e03474c40851b44975c9b2bf6df7d8c4f864da",
                "sha256:84a57163a0ccef3f96e4b6a20516cedcf5bb3a95a657131c5c3ac62200d23252",
                "sha256:a4fa6f80816a9a0678429e84973f2f98cbc218cca434abe8db2ad0bffc98503a",
                "sha256:a8434404bbf139aa9e1300dbf989667a83d42ddda9153d8ab76e0d5dcaca484e",
                "sha256:b89c115d877892a512f79a8114564fb435943b59067615894c3b13cd3e1fa107",
                "sha256:c027e08a08be10b67c06bf2370b99c811c466398c357e615ca88c91c07f0910f",
                "sha256:daaf63f70f25e8689c072cfad4334ca0ac1d1e05a92fc15c54eb9cf23c3efd84"
            ],
            "index": "pypi",
            "version": "==5.29.3"
        },
        "pydgraph": {
            "hashes": [
                "sha256:08ade0e5047f4a730368a6c6cea688190fc5c45828ae3fc833a3c07a9ca52c0f",
                "sha256:2659c58476a219b983a0139af22d4e7cfde97a25047800d088a4f5436e0172b7"
            ],
            "index": "pypi",
            "version": "==24.1.0"
        }
    },
    "develop": {}
}
