{
  "requires": true,
  "lockfileVersion": 1,
  "dependencies": {
    "@vue/component-compiler-utils": {
      "version": "2.6.0",
      "resolved": "https://registry.npmjs.org/@vue/component-compiler-utils/-/component-compiler-utils-2.6.0.tgz",
      "integrity": "sha512-IHjxt7LsOFYc0DkTncB7OXJL7UzwOLPPQCfEUNyxL2qt+tF12THV+EO33O1G2Uk4feMSWua3iD39Itszx0f0bw==",
      "requires": {
        "consolidate": "^0.15.1",
        "hash-sum": "^1.0.2",
        "lru-cache": "^4.1.2",
        "merge-source-map": "^1.1.0",
        "postcss": "^7.0.14",
        "postcss-selector-parser": "^5.0.0",
        "prettier": "1.16.3",
        "source-map": "~0.6.1",
        "vue-template-es2015-compiler": "^1.9.0"
      },
      "dependencies": {
        "supports-color": {
          "version": "6.1.0",
          "resolved": "https://registry.npmjs.org/supports-color/-/supports-color-6.1.0.tgz",
          "integrity": "sha512-qe1jfm1Mg7Nq/NSh6XE24gPXROEVsWHxC1LIx//XNlD9iw7YZQGjZNjYN7xGaEG6iKdA8EtNFW6R0gjnVXp+wQ==",
          "requires": {
            "has-flag": "^3.0.0"
          }
        }
      }
    },
    "autoprefixer": {
      "version": "9.5.1",
      "resolved": "https://registry.npmjs.org/autoprefixer/-/autoprefixer-9.5.1.tgz",
      "integrity": "sha512-KJSzkStUl3wP0D5sdMlP82Q52JLy5+atf2MHAre48+ckWkXgixmfHyWmA77wFDy6jTHU6mIgXv6hAQ2mf1PjJQ==",
      "requires": {
        "browserslist": "^4.5.4",
        "caniuse-lite": "^1.0.30000957",
        "normalize-range": "^0.1.2",
        "num2fraction": "^1.2.2",
        "postcss": "^7.0.14",
        "postcss-value-parser": "^3.3.1"
      },
      "dependencies": {
        "supports-color": {
          "version": "6.1.0",
          "resolved": "https://registry.npmjs.org/supports-color/-/supports-color-6.1.0.tgz",
          "integrity": "sha512-qe1jfm1Mg7Nq/NSh6XE24gPXROEVsWHxC1LIx//XNlD9iw7YZQGjZNjYN7xGaEG6iKdA8EtNFW6R0gjnVXp+wQ==",
          "requires": {
            "has-flag": "^3.0.0"
          }
        }
      }
    },
    "babel-code-frame": {
      "version": "6.26.0",
      "resolved": "https://registry.npmjs.org/babel-code-frame/-/babel-code-frame-6.26.0.tgz",
      "integrity": "sha1-Y/1D99weO7fONZR9uP42mj9Yx0s=",
      "requires": {
        "chalk": "^1.1.3",
        "esutils": "^2.0.2",
        "js-tokens": "^3.0.2"
      },
      "dependencies": {
        "supports-color": {
          "version": "2.0.0",
          "resolved": "https://registry.npmjs.org/supports-color/-/supports-color-2.0.0.tgz",
          "integrity": "sha1-U10EXOa2Nj+kARcIRimZXp3zJMc="
        }
      }
    },
    "css-declaration-sorter": {
      "version": "4.0.1",
      "resolved": "https://registry.npmjs.org/css-declaration-sorter/-/css-declaration-sorter-4.0.1.tgz",
      "integrity": "sha512-BcxQSKTSEEQUftYpBVnsH4SF05NTuBokb19/sBt6asXGKZ/6VP7PLG1CBCkFDYOnhXhPh0jMhO6xZ71oYHXHBA==",
      "requires": {
        "postcss": "^7.0.1",
        "timsort": "^0.3.0"
      },
      "dependencies": {
        "supports-color": {
          "version": "6.1.0",
          "resolved": "https://registry.npmjs.org/supports-color/-/supports-color-6.1.0.tgz",
          "integrity": "sha512-qe1jfm1Mg7Nq/NSh6XE24gPXROEVsWHxC1LIx//XNlD9iw7YZQGjZNjYN7xGaEG6iKdA8EtNFW6R0gjnVXp+wQ==",
          "requires": {
            "has-flag": "^3.0.0"
          }
        }
      }
    },
    "cssnano": {
      "version": "4.1.10",
      "resolved": "https://registry.npmjs.org/cssnano/-/cssnano-4.1.10.tgz",
      "integrity": "sha512-5wny+F6H4/8RgNlaqab4ktc3e0/blKutmq8yNlBFXA//nSFFAqAngjNVRzUvCgYROULmZZUoosL/KSoZo5aUaQ==",
      "requires": {
        "cosmiconfig": "^5.0.0",
        "cssnano-preset-default": "^4.0.7",
        "is-resolvable": "^1.0.0",
        "postcss": "^7.0.0"
      },
      "dependencies": {
        "supports-color": {
          "version": "6.1.0",
          "resolved": "https://registry.npmjs.org/supports-color/-/supports-color-6.1.0.tgz",
          "integrity": "sha512-qe1jfm1Mg7Nq/NSh6XE24gPXROEVsWHxC1LIx//XNlD9iw7YZQGjZNjYN7xGaEG6iKdA8EtNFW6R0gjnVXp+wQ==",
          "requires": {
            "has-flag": "^3.0.0"
          }
        }
      }
    },
    "cssnano-preset-default": {
      "version": "4.0.7",
      "resolved": "https://registry.npmjs.org/cssnano-preset-default/-/cssnano-preset-default-4.0.7.tgz",
      "integrity": "sha512-x0YHHx2h6p0fCl1zY9L9roD7rnlltugGu7zXSKQx6k2rYw0Hi3IqxcoAGF7u9Q5w1nt7vK0ulxV8Lo+EvllGsA==",
      "requires": {
        "css-declaration-sorter": "^4.0.1",
        "cssnano-util-raw-cache": "^4.0.1",
        "postcss": "^7.0.0",
        "postcss-calc": "^7.0.1",
        "postcss-colormin": "^4.0.3",
        "postcss-convert-values": "^4.0.1",
        "postcss-discard-comments": "^4.0.2",
        "postcss-discard-duplicates": "^4.0.2",
        "postcss-discard-empty": "^4.0.1",
        "postcss-discard-overridden": "^4.0.1",
        "postcss-merge-longhand": "^4.0.11",
        "postcss-merge-rules": "^4.0.3",
        "postcss-minify-font-values": "^4.0.2",
        "postcss-minify-gradients": "^4.0.2",
        "postcss-minify-params": "^4.0.2",
        "postcss-minify-selectors": "^4.0.2",
        "postcss-normalize-charset": "^4.0.1",
        "postcss-normalize-display-values": "^4.0.2",
        "postcss-normalize-positions": "^4.0.2",
        "postcss-normalize-repeat-style": "^4.0.2",
        "postcss-normalize-string": "^4.0.2",
        "postcss-normalize-timing-functions": "^4.0.2",
        "postcss-normalize-unicode": "^4.0.1",
        "postcss-normalize-url": "^4.0.1",
        "postcss-normalize-whitespace": "^4.0.2",
        "postcss-ordered-values": "^4.1.2",
        "postcss-reduce-initial": "^4.0.3",
        "postcss-reduce-transforms": "^4.0.2",
        "postcss-svgo": "^4.0.2",
        "postcss-unique-selectors": "^4.0.1"
      },
      "dependencies": {
        "supports-color": {
          "version": "6.1.0",
          "resolved": "https://registry.npmjs.org/supports-color/-/supports-color-6.1.0.tgz",
          "integrity": "sha512-qe1jfm1Mg7Nq/NSh6XE24gPXROEVsWHxC1LIx//XNlD9iw7YZQGjZNjYN7xGaEG6iKdA8EtNFW6R0gjnVXp+wQ==",
          "requires": {
            "has-flag": "^3.0.0"
          }
        }
      }
    },
    "cssnano-util-raw-cache": {
      "version": "4.0.1",
      "resolved": "https://registry.npmjs.org/cssnano-util-raw-cache/-/cssnano-util-raw-cache-4.0.1.tgz",
      "integrity": "sha512-qLuYtWK2b2Dy55I8ZX3ky1Z16WYsx544Q0UWViebptpwn/xDBmog2TLg4f+DBMg1rJ6JDWtn96WHbOKDWt1WQA==",
      "requires": {
        "postcss": "^7.0.0"
      },
      "dependencies": {
        "supports-color": {
          "version": "6.1.0",
          "resolved": "https://registry.npmjs.org/supports-color/-/supports-color-6.1.0.tgz",
          "integrity": "sha512-qe1jfm1Mg7Nq/NSh6XE24gPXROEVsWHxC1LIx//XNlD9iw7YZQGjZNjYN7xGaEG6iKdA8EtNFW6R0gjnVXp+wQ==",
          "requires": {
            "has-flag": "^3.0.0"
          }
        }
      }
    },
    "friendly-errors-webpack-plugin": {
      "version": "1.7.0",
      "resolved": "https://registry.npmjs.org/friendly-errors-webpack-plugin/-/friendly-errors-webpack-plugin-1.7.0.tgz",
      "integrity": "sha512-K27M3VK30wVoOarP651zDmb93R9zF28usW4ocaK3mfQeIEI5BPht/EzZs5E8QLLwbLRJQMwscAjDxYPb1FuNiw==",
      "requires": {
        "chalk": "^1.1.3",
        "error-stack-parser": "^2.0.0",
        "string-width": "^2.0.0"
      },
      "dependencies": {
        "supports-color": {
          "version": "2.0.0",
          "resolved": "https://registry.npmjs.org/supports-color/-/supports-color-2.0.0.tgz",
          "integrity": "sha1-U10EXOa2Nj+kARcIRimZXp3zJMc="
        }
      }
    },
    "postcss-calc": {
      "version": "7.0.1",
      "resolved": "https://registry.npmjs.org/postcss-calc/-/postcss-calc-7.0.1.tgz",
      "integrity": "sha512-oXqx0m6tb4N3JGdmeMSc/i91KppbYsFZKdH0xMOqK8V1rJlzrKlTdokz8ozUXLVejydRN6u2IddxpcijRj2FqQ==",
      "requires": {
        "css-unit-converter": "^1.1.1",
        "postcss": "^7.0.5",
        "postcss-selector-parser": "^5.0.0-rc.4",
        "postcss-value-parser": "^3.3.1"
      },
      "dependencies": {
        "supports-color": {
          "version": "6.1.0",
          "resolved": "https://registry.npmjs.org/supports-color/-/supports-color-6.1.0.tgz",
          "integrity": "sha512-qe1jfm1Mg7Nq/NSh6XE24gPXROEVsWHxC1LIx//XNlD9iw7YZQGjZNjYN7xGaEG6iKdA8EtNFW6R0gjnVXp+wQ==",
          "requires": {
            "has-flag": "^3.0.0"
          }
        }
      }
    },
    "postcss-colormin": {
      "version": "4.0.3",
      "resolved": "https://registry.npmjs.org/postcss-colormin/-/postcss-colormin-4.0.3.tgz",
      "integrity": "sha512-WyQFAdDZpExQh32j0U0feWisZ0dmOtPl44qYmJKkq9xFWY3p+4qnRzCHeNrkeRhwPHz9bQ3mo0/yVkaply0MNw==",
      "requires": {
        "browserslist": "^4.0.0",
        "color": "^3.0.0",
        "has": "^1.0.0",
        "postcss": "^7.0.0",
        "postcss-value-parser": "^3.0.0"
      },
      "dependencies": {
        "supports-color": {
          "version": "6.1.0",
          "resolved": "https://registry.npmjs.org/supports-color/-/supports-color-6.1.0.tgz",
          "integrity": "sha512-qe1jfm1Mg7Nq/NSh6XE24gPXROEVsWHxC1LIx//XNlD9iw7YZQGjZNjYN7xGaEG6iKdA8EtNFW6R0gjnVXp+wQ==",
          "requires": {
            "has-flag": "^3.0.0"
          }
        }
      }
    },
    "postcss-convert-values": {
      "version": "4.0.1",
      "resolved": "https://registry.npmjs.org/postcss-convert-values/-/postcss-convert-values-4.0.1.tgz",
      "integrity": "sha512-Kisdo1y77KUC0Jmn0OXU/COOJbzM8cImvw1ZFsBgBgMgb1iL23Zs/LXRe3r+EZqM3vGYKdQ2YJVQ5VkJI+zEJQ==",
      "requires": {
        "postcss": "^7.0.0",
        "postcss-value-parser": "^3.0.0"
      },
      "dependencies": {
        "supports-color": {
          "version": "6.1.0",
          "resolved": "https://registry.npmjs.org/supports-color/-/supports-color-6.1.0.tgz",
          "integrity": "sha512-qe1jfm1Mg7Nq/NSh6XE24gPXROEVsWHxC1LIx//XNlD9iw7YZQGjZNjYN7xGaEG6iKdA8EtNFW6R0gjnVXp+wQ==",
          "requires": {
            "has-flag": "^3.0.0"
          }
        }
      }
    },
    "postcss-discard-comments": {
      "version": "4.0.2",
      "resolved": "https://registry.npmjs.org/postcss-discard-comments/-/postcss-discard-comments-4.0.2.tgz",
      "integrity": "sha512-RJutN259iuRf3IW7GZyLM5Sw4GLTOH8FmsXBnv8Ab/Tc2k4SR4qbV4DNbyyY4+Sjo362SyDmW2DQ7lBSChrpkg==",
      "requires": {
        "postcss": "^7.0.0"
      },
      "dependencies": {
        "supports-color": {
          "version": "6.1.0",
          "resolved": "https://registry.npmjs.org/supports-color/-/supports-color-6.1.0.tgz",
          "integrity": "sha512-qe1jfm1Mg7Nq/NSh6XE24gPXROEVsWHxC1LIx//XNlD9iw7YZQGjZNjYN7xGaEG6iKdA8EtNFW6R0gjnVXp+wQ==",
          "requires": {
            "has-flag": "^3.0.0"
          }
        }
      }
    },
    "postcss-discard-duplicates": {
      "version": "4.0.2",
      "resolved": "https://registry.npmjs.org/postcss-discard-duplicates/-/postcss-discard-duplicates-4.0.2.tgz",
      "integrity": "sha512-ZNQfR1gPNAiXZhgENFfEglF93pciw0WxMkJeVmw8eF+JZBbMD7jp6C67GqJAXVZP2BWbOztKfbsdmMp/k8c6oQ==",
      "requires": {
        "postcss": "^7.0.0"
      },
      "dependencies": {
        "supports-color": {
          "version": "6.1.0",
          "resolved": "https://registry.npmjs.org/supports-color/-/supports-color-6.1.0.tgz",
          "integrity": "sha512-qe1jfm1Mg7Nq/NSh6XE24gPXROEVsWHxC1LIx//XNlD9iw7YZQGjZNjYN7xGaEG6iKdA8EtNFW6R0gjnVXp+wQ==",
          "requires": {
            "has-flag": "^3.0.0"
          }
        }
      }
    },
    "postcss-discard-empty": {
      "version": "4.0.1",
      "resolved": "https://registry.npmjs.org/postcss-discard-empty/-/postcss-discard-empty-4.0.1.tgz",
      "integrity": "sha512-B9miTzbznhDjTfjvipfHoqbWKwd0Mj+/fL5s1QOz06wufguil+Xheo4XpOnc4NqKYBCNqqEzgPv2aPBIJLox0w==",
      "requires": {
        "postcss": "^7.0.0"
      },
      "dependencies": {
        "supports-color": {
          "version": "6.1.0",
          "resolved": "https://registry.npmjs.org/supports-color/-/supports-color-6.1.0.tgz",
          "integrity": "sha512-qe1jfm1Mg7Nq/NSh6XE24gPXROEVsWHxC1LIx//XNlD9iw7YZQGjZNjYN7xGaEG6iKdA8EtNFW6R0gjnVXp+wQ==",
          "requires": {
            "has-flag": "^3.0.0"
          }
        }
      }
    },
    "postcss-discard-overridden": {
      "version": "4.0.1",
      "resolved": "https://registry.npmjs.org/postcss-discard-overridden/-/postcss-discard-overridden-4.0.1.tgz",
      "integrity": "sha512-IYY2bEDD7g1XM1IDEsUT4//iEYCxAmP5oDSFMVU/JVvT7gh+l4fmjciLqGgwjdWpQIdb0Che2VX00QObS5+cTg==",
      "requires": {
        "postcss": "^7.0.0"
      },
      "dependencies": {
        "supports-color": {
          "version": "6.1.0",
          "resolved": "https://registry.npmjs.org/supports-color/-/supports-color-6.1.0.tgz",
          "integrity": "sha512-qe1jfm1Mg7Nq/NSh6XE24gPXROEVsWHxC1LIx//XNlD9iw7YZQGjZNjYN7xGaEG6iKdA8EtNFW6R0gjnVXp+wQ==",
          "requires": {
            "has-flag": "^3.0.0"
          }
        }
      }
    },
    "postcss-loader": {
      "version": "3.0.0",
      "resolved": "https://registry.npmjs.org/postcss-loader/-/postcss-loader-3.0.0.tgz",
      "integrity": "sha512-cLWoDEY5OwHcAjDnkyRQzAXfs2jrKjXpO/HQFcc5b5u/r7aa471wdmChmwfnv7x2u840iat/wi0lQ5nbRgSkUA==",
      "requires": {
        "loader-utils": "^1.1.0",
        "postcss": "^7.0.0",
        "postcss-load-config": "^2.0.0",
        "schema-utils": "^1.0.0"
      },
      "dependencies": {
        "supports-color": {
          "version": "6.1.0",
          "resolved": "https://registry.npmjs.org/supports-color/-/supports-color-6.1.0.tgz",
          "integrity": "sha512-qe1jfm1Mg7Nq/NSh6XE24gPXROEVsWHxC1LIx//XNlD9iw7YZQGjZNjYN7xGaEG6iKdA8EtNFW6R0gjnVXp+wQ==",
          "requires": {
            "has-flag": "^3.0.0"
          }
        }
      }
    },
    "postcss-merge-longhand": {
      "version": "4.0.11",
      "resolved": "https://registry.npmjs.org/postcss-merge-longhand/-/postcss-merge-longhand-4.0.11.tgz",
      "integrity": "sha512-alx/zmoeXvJjp7L4mxEMjh8lxVlDFX1gqWHzaaQewwMZiVhLo42TEClKaeHbRf6J7j82ZOdTJ808RtN0ZOZwvw==",
      "requires": {
        "css-color-names": "0.0.4",
        "postcss": "^7.0.0",
        "postcss-value-parser": "^3.0.0",
        "stylehacks": "^4.0.0"
      },
      "dependencies": {
        "supports-color": {
          "version": "6.1.0",
          "resolved": "https://registry.npmjs.org/supports-color/-/supports-color-6.1.0.tgz",
          "integrity": "sha512-qe1jfm1Mg7Nq/NSh6XE24gPXROEVsWHxC1LIx//XNlD9iw7YZQGjZNjYN7xGaEG6iKdA8EtNFW6R0gjnVXp+wQ==",
          "requires": {
            "has-flag": "^3.0.0"
          }
        }
      }
    },
    "postcss-merge-rules": {
      "version": "4.0.3",
      "resolved": "https://registry.npmjs.org/postcss-merge-rules/-/postcss-merge-rules-4.0.3.tgz",
      "integrity": "sha512-U7e3r1SbvYzO0Jr3UT/zKBVgYYyhAz0aitvGIYOYK5CPmkNih+WDSsS5tvPrJ8YMQYlEMvsZIiqmn7HdFUaeEQ==",
      "requires": {
        "browserslist": "^4.0.0",
        "caniuse-api": "^3.0.0",
        "cssnano-util-same-parent": "^4.0.0",
        "postcss": "^7.0.0",
        "postcss-selector-parser": "^3.0.0",
        "vendors": "^1.0.0"
      },
      "dependencies": {
        "supports-color": {
          "version": "6.1.0",
          "resolved": "https://registry.npmjs.org/supports-color/-/supports-color-6.1.0.tgz",
          "integrity": "sha512-qe1jfm1Mg7Nq/NSh6XE24gPXROEVsWHxC1LIx//XNlD9iw7YZQGjZNjYN7xGaEG6iKdA8EtNFW6R0gjnVXp+wQ==",
          "requires": {
            "has-flag": "^3.0.0"
          }
        }
      }
    },
    "postcss-minify-font-values": {
      "version": "4.0.2",
      "resolved": "https://registry.npmjs.org/postcss-minify-font-values/-/postcss-minify-font-values-4.0.2.tgz",
      "integrity": "sha512-j85oO6OnRU9zPf04+PZv1LYIYOprWm6IA6zkXkrJXyRveDEuQggG6tvoy8ir8ZwjLxLuGfNkCZEQG7zan+Hbtg==",
      "requires": {
        "postcss": "^7.0.0",
        "postcss-value-parser": "^3.0.0"
      },
      "dependencies": {
        "supports-color": {
          "version": "6.1.0",
          "resolved": "https://registry.npmjs.org/supports-color/-/supports-color-6.1.0.tgz",
          "integrity": "sha512-qe1jfm1Mg7Nq/NSh6XE24gPXROEVsWHxC1LIx//XNlD9iw7YZQGjZNjYN7xGaEG6iKdA8EtNFW6R0gjnVXp+wQ==",
          "requires": {
            "has-flag": "^3.0.0"
          }
        }
      }
    },
    "postcss-minify-gradients": {
      "version": "4.0.2",
      "resolved": "https://registry.npmjs.org/postcss-minify-gradients/-/postcss-minify-gradients-4.0.2.tgz",
      "integrity": "sha512-qKPfwlONdcf/AndP1U8SJ/uzIJtowHlMaSioKzebAXSG4iJthlWC9iSWznQcX4f66gIWX44RSA841HTHj3wK+Q==",
      "requires": {
        "cssnano-util-get-arguments": "^4.0.0",
        "is-color-stop": "^1.0.0",
        "postcss": "^7.0.0",
        "postcss-value-parser": "^3.0.0"
      },
      "dependencies": {
        "supports-color": {
          "version": "6.1.0",
          "resolved": "https://registry.npmjs.org/supports-color/-/supports-color-6.1.0.tgz",
          "integrity": "sha512-qe1jfm1Mg7Nq/NSh6XE24gPXROEVsWHxC1LIx//XNlD9iw7YZQGjZNjYN7xGaEG6iKdA8EtNFW6R0gjnVXp+wQ==",
          "requires": {
            "has-flag": "^3.0.0"
          }
        }
      }
    },
    "postcss-minify-params": {
      "version": "4.0.2",
      "resolved": "https://registry.npmjs.org/postcss-minify-params/-/postcss-minify-params-4.0.2.tgz",
      "integrity": "sha512-G7eWyzEx0xL4/wiBBJxJOz48zAKV2WG3iZOqVhPet/9geefm/Px5uo1fzlHu+DOjT+m0Mmiz3jkQzVHe6wxAWg==",
      "requires": {
        "alphanum-sort": "^1.0.0",
        "browserslist": "^4.0.0",
        "cssnano-util-get-arguments": "^4.0.0",
        "postcss": "^7.0.0",
        "postcss-value-parser": "^3.0.0",
        "uniqs": "^2.0.0"
      },
      "dependencies": {
        "supports-color": {
          "version": "6.1.0",
          "resolved": "https://registry.npmjs.org/supports-color/-/supports-color-6.1.0.tgz",
          "integrity": "sha512-qe1jfm1Mg7Nq/NSh6XE24gPXROEVsWHxC1LIx//XNlD9iw7YZQGjZNjYN7xGaEG6iKdA8EtNFW6R0gjnVXp+wQ==",
          "requires": {
            "has-flag": "^3.0.0"
          }
        }
      }
    },
    "postcss-minify-selectors": {
      "version": "4.0.2",
      "resolved": "https://registry.npmjs.org/postcss-minify-selectors/-/postcss-minify-selectors-4.0.2.tgz",
      "integrity": "sha512-D5S1iViljXBj9kflQo4YutWnJmwm8VvIsU1GeXJGiG9j8CIg9zs4voPMdQDUmIxetUOh60VilsNzCiAFTOqu3g==",
      "requires": {
        "alphanum-sort": "^1.0.0",
        "has": "^1.0.0",
        "postcss": "^7.0.0",
        "postcss-selector-parser": "^3.0.0"
      },
      "dependencies": {
        "supports-color": {
          "version": "6.1.0",
          "resolved": "https://registry.npmjs.org/supports-color/-/supports-color-6.1.0.tgz",
          "integrity": "sha512-qe1jfm1Mg7Nq/NSh6XE24gPXROEVsWHxC1LIx//XNlD9iw7YZQGjZNjYN7xGaEG6iKdA8EtNFW6R0gjnVXp+wQ==",
          "requires": {
            "has-flag": "^3.0.0"
          }
        }
      }
    },
    "postcss-normalize-charset": {
      "version": "4.0.1",
      "resolved": "https://registry.npmjs.org/postcss-normalize-charset/-/postcss-normalize-charset-4.0.1.tgz",
      "integrity": "sha512-gMXCrrlWh6G27U0hF3vNvR3w8I1s2wOBILvA87iNXaPvSNo5uZAMYsZG7XjCUf1eVxuPfyL4TJ7++SGZLc9A3g==",
      "requires": {
        "postcss": "^7.0.0"
      },
      "dependencies": {
        "supports-color": {
          "version": "6.1.0",
          "resolved": "https://registry.npmjs.org/supports-color/-/supports-color-6.1.0.tgz",
          "integrity": "sha512-qe1jfm1Mg7Nq/NSh6XE24gPXROEVsWHxC1LIx//XNlD9iw7YZQGjZNjYN7xGaEG6iKdA8EtNFW6R0gjnVXp+wQ==",
          "requires": {
            "has-flag": "^3.0.0"
          }
        }
      }
    },
    "postcss-normalize-display-values": {
      "version": "4.0.2",
      "resolved": "https://registry.npmjs.org/postcss-normalize-display-values/-/postcss-normalize-display-values-4.0.2.tgz",
      "integrity": "sha512-3F2jcsaMW7+VtRMAqf/3m4cPFhPD3EFRgNs18u+k3lTJJlVe7d0YPO+bnwqo2xg8YiRpDXJI2u8A0wqJxMsQuQ==",
      "requires": {
        "cssnano-util-get-match": "^4.0.0",
        "postcss": "^7.0.0",
        "postcss-value-parser": "^3.0.0"
      },
      "dependencies": {
        "supports-color": {
          "version": "6.1.0",
          "resolved": "https://registry.npmjs.org/supports-color/-/supports-color-6.1.0.tgz",
          "integrity": "sha512-qe1jfm1Mg7Nq/NSh6XE24gPXROEVsWHxC1LIx//XNlD9iw7YZQGjZNjYN7xGaEG6iKdA8EtNFW6R0gjnVXp+wQ==",
          "requires": {
            "has-flag": "^3.0.0"
          }
        }
      }
    },
    "postcss-normalize-positions": {
      "version": "4.0.2",
      "resolved": "https://registry.npmjs.org/postcss-normalize-positions/-/postcss-normalize-positions-4.0.2.tgz",
      "integrity": "sha512-Dlf3/9AxpxE+NF1fJxYDeggi5WwV35MXGFnnoccP/9qDtFrTArZ0D0R+iKcg5WsUd8nUYMIl8yXDCtcrT8JrdA==",
      "requires": {
        "cssnano-util-get-arguments": "^4.0.0",
        "has": "^1.0.0",
        "postcss": "^7.0.0",
        "postcss-value-parser": "^3.0.0"
      },
      "dependencies": {
        "supports-color": {
          "version": "6.1.0",
          "resolved": "https://registry.npmjs.org/supports-color/-/supports-color-6.1.0.tgz",
          "integrity": "sha512-qe1jfm1Mg7Nq/NSh6XE24gPXROEVsWHxC1LIx//XNlD9iw7YZQGjZNjYN7xGaEG6iKdA8EtNFW6R0gjnVXp+wQ==",
          "requires": {
            "has-flag": "^3.0.0"
          }
        }
      }
    },
    "postcss-normalize-repeat-style": {
      "version": "4.0.2",
      "resolved": "https://registry.npmjs.org/postcss-normalize-repeat-style/-/postcss-normalize-repeat-style-4.0.2.tgz",
      "integrity": "sha512-qvigdYYMpSuoFs3Is/f5nHdRLJN/ITA7huIoCyqqENJe9PvPmLhNLMu7QTjPdtnVf6OcYYO5SHonx4+fbJE1+Q==",
      "requires": {
        "cssnano-util-get-arguments": "^4.0.0",
        "cssnano-util-get-match": "^4.0.0",
        "postcss": "^7.0.0",
        "postcss-value-parser": "^3.0.0"
      },
      "dependencies": {
        "supports-color": {
          "version": "6.1.0",
          "resolved": "https://registry.npmjs.org/supports-color/-/supports-color-6.1.0.tgz",
          "integrity": "sha512-qe1jfm1Mg7Nq/NSh6XE24gPXROEVsWHxC1LIx//XNlD9iw7YZQGjZNjYN7xGaEG6iKdA8EtNFW6R0gjnVXp+wQ==",
          "requires": {
            "has-flag": "^3.0.0"
          }
        }
      }
    },
    "postcss-normalize-string": {
      "version": "4.0.2",
      "resolved": "https://registry.npmjs.org/postcss-normalize-string/-/postcss-normalize-string-4.0.2.tgz",
      "integrity": "sha512-RrERod97Dnwqq49WNz8qo66ps0swYZDSb6rM57kN2J+aoyEAJfZ6bMx0sx/F9TIEX0xthPGCmeyiam/jXif0eA==",
      "requires": {
        "has": "^1.0.0",
        "postcss": "^7.0.0",
        "postcss-value-parser": "^3.0.0"
      },
      "dependencies": {
        "supports-color": {
          "version": "6.1.0",
          "resolved": "https://registry.npmjs.org/supports-color/-/supports-color-6.1.0.tgz",
          "integrity": "sha512-qe1jfm1Mg7Nq/NSh6XE24gPXROEVsWHxC1LIx//XNlD9iw7YZQGjZNjYN7xGaEG6iKdA8EtNFW6R0gjnVXp+wQ==",
          "requires": {
            "has-flag": "^3.0.0"
          }
        }
      }
    },
    "postcss-normalize-timing-functions": {
      "version": "4.0.2",
      "resolved": "https://registry.npmjs.org/postcss-normalize-timing-functions/-/postcss-normalize-timing-functions-4.0.2.tgz",
      "integrity": "sha512-acwJY95edP762e++00Ehq9L4sZCEcOPyaHwoaFOhIwWCDfik6YvqsYNxckee65JHLKzuNSSmAdxwD2Cud1Z54A==",
      "requires": {
        "cssnano-util-get-match": "^4.0.0",
        "postcss": "^7.0.0",
        "postcss-value-parser": "^3.0.0"
      },
      "dependencies": {
        "supports-color": {
          "version": "6.1.0",
          "resolved": "https://registry.npmjs.org/supports-color/-/supports-color-6.1.0.tgz",
          "integrity": "sha512-qe1jfm1Mg7Nq/NSh6XE24gPXROEVsWHxC1LIx//XNlD9iw7YZQGjZNjYN7xGaEG6iKdA8EtNFW6R0gjnVXp+wQ==",
          "requires": {
            "has-flag": "^3.0.0"
          }
        }
      }
    },
    "postcss-normalize-unicode": {
      "version": "4.0.1",
      "resolved": "https://registry.npmjs.org/postcss-normalize-unicode/-/postcss-normalize-unicode-4.0.1.tgz",
      "integrity": "sha512-od18Uq2wCYn+vZ/qCOeutvHjB5jm57ToxRaMeNuf0nWVHaP9Hua56QyMF6fs/4FSUnVIw0CBPsU0K4LnBPwYwg==",
      "requires": {
        "browserslist": "^4.0.0",
        "postcss": "^7.0.0",
        "postcss-value-parser": "^3.0.0"
      },
      "dependencies": {
        "supports-color": {
          "version": "6.1.0",
          "resolved": "https://registry.npmjs.org/supports-color/-/supports-color-6.1.0.tgz",
          "integrity": "sha512-qe1jfm1Mg7Nq/NSh6XE24gPXROEVsWHxC1LIx//XNlD9iw7YZQGjZNjYN7xGaEG6iKdA8EtNFW6R0gjnVXp+wQ==",
          "requires": {
            "has-flag": "^3.0.0"
          }
        }
      }
    },
    "postcss-normalize-url": {
      "version": "4.0.1",
      "resolved": "https://registry.npmjs.org/postcss-normalize-url/-/postcss-normalize-url-4.0.1.tgz",
      "integrity": "sha512-p5oVaF4+IHwu7VpMan/SSpmpYxcJMtkGppYf0VbdH5B6hN8YNmVyJLuY9FmLQTzY3fag5ESUUHDqM+heid0UVA==",
      "requires": {
        "is-absolute-url": "^2.0.0",
        "normalize-url": "^3.0.0",
        "postcss": "^7.0.0",
        "postcss-value-parser": "^3.0.0"
      },
      "dependencies": {
        "supports-color": {
          "version": "6.1.0",
          "resolved": "https://registry.npmjs.org/supports-color/-/supports-color-6.1.0.tgz",
          "integrity": "sha512-qe1jfm1Mg7Nq/NSh6XE24gPXROEVsWHxC1LIx//XNlD9iw7YZQGjZNjYN7xGaEG6iKdA8EtNFW6R0gjnVXp+wQ==",
          "requires": {
            "has-flag": "^3.0.0"
          }
        }
      }
    },
    "postcss-normalize-whitespace": {
      "version": "4.0.2",
      "resolved": "https://registry.npmjs.org/postcss-normalize-whitespace/-/postcss-normalize-whitespace-4.0.2.tgz",
      "integrity": "sha512-tO8QIgrsI3p95r8fyqKV+ufKlSHh9hMJqACqbv2XknufqEDhDvbguXGBBqxw9nsQoXWf0qOqppziKJKHMD4GtA==",
      "requires": {
        "postcss": "^7.0.0",
        "postcss-value-parser": "^3.0.0"
      },
      "dependencies": {
        "supports-color": {
          "version": "6.1.0",
          "resolved": "https://registry.npmjs.org/supports-color/-/supports-color-6.1.0.tgz",
          "integrity": "sha512-qe1jfm1Mg7Nq/NSh6XE24gPXROEVsWHxC1LIx//XNlD9iw7YZQGjZNjYN7xGaEG6iKdA8EtNFW6R0gjnVXp+wQ==",
          "requires": {
            "has-flag": "^3.0.0"
          }
        }
      }
    },
    "postcss-ordered-values": {
      "version": "4.1.2",
      "resolved": "https://registry.npmjs.org/postcss-ordered-values/-/postcss-ordered-values-4.1.2.tgz",
      "integrity": "sha512-2fCObh5UanxvSxeXrtLtlwVThBvHn6MQcu4ksNT2tsaV2Fg76R2CV98W7wNSlX+5/pFwEyaDwKLLoEV7uRybAw==",
      "requires": {
        "cssnano-util-get-arguments": "^4.0.0",
        "postcss": "^7.0.0",
        "postcss-value-parser": "^3.0.0"
      },
      "dependencies": {
        "supports-color": {
          "version": "6.1.0",
          "resolved": "https://registry.npmjs.org/supports-color/-/supports-color-6.1.0.tgz",
          "integrity": "sha512-qe1jfm1Mg7Nq/NSh6XE24gPXROEVsWHxC1LIx//XNlD9iw7YZQGjZNjYN7xGaEG6iKdA8EtNFW6R0gjnVXp+wQ==",
          "requires": {
            "has-flag": "^3.0.0"
          }
        }
      }
    },
    "postcss-reduce-initial": {
      "version": "4.0.3",
      "resolved": "https://registry.npmjs.org/postcss-reduce-initial/-/postcss-reduce-initial-4.0.3.tgz",
      "integrity": "sha512-gKWmR5aUulSjbzOfD9AlJiHCGH6AEVLaM0AV+aSioxUDd16qXP1PCh8d1/BGVvpdWn8k/HiK7n6TjeoXN1F7DA==",
      "requires": {
        "browserslist": "^4.0.0",
        "caniuse-api": "^3.0.0",
        "has": "^1.0.0",
        "postcss": "^7.0.0"
      },
      "dependencies": {
        "supports-color": {
          "version": "6.1.0",
          "resolved": "https://registry.npmjs.org/supports-color/-/supports-color-6.1.0.tgz",
          "integrity": "sha512-qe1jfm1Mg7Nq/NSh6XE24gPXROEVsWHxC1LIx//XNlD9iw7YZQGjZNjYN7xGaEG6iKdA8EtNFW6R0gjnVXp+wQ==",
          "requires": {
            "has-flag": "^3.0.0"
          }
        }
      }
    },
    "postcss-reduce-transforms": {
      "version": "4.0.2",
      "resolved": "https://registry.npmjs.org/postcss-reduce-transforms/-/postcss-reduce-transforms-4.0.2.tgz",
      "integrity": "sha512-EEVig1Q2QJ4ELpJXMZR8Vt5DQx8/mo+dGWSR7vWXqcob2gQLyQGsionYcGKATXvQzMPn6DSN1vTN7yFximdIAg==",
      "requires": {
        "cssnano-util-get-match": "^4.0.0",
        "has": "^1.0.0",
        "postcss": "^7.0.0",
        "postcss-value-parser": "^3.0.0"
      },
      "dependencies": {
        "supports-color": {
          "version": "6.1.0",
          "resolved": "https://registry.npmjs.org/supports-color/-/supports-color-6.1.0.tgz",
          "integrity": "sha512-qe1jfm1Mg7Nq/NSh6XE24gPXROEVsWHxC1LIx//XNlD9iw7YZQGjZNjYN7xGaEG6iKdA8EtNFW6R0gjnVXp+wQ==",
          "requires": {
            "has-flag": "^3.0.0"
          }
        }
      }
    },
    "postcss-svgo": {
      "version": "4.0.2",
      "resolved": "https://registry.npmjs.org/postcss-svgo/-/postcss-svgo-4.0.2.tgz",
      "integrity": "sha512-C6wyjo3VwFm0QgBy+Fu7gCYOkCmgmClghO+pjcxvrcBKtiKt0uCF+hvbMO1fyv5BMImRK90SMb+dwUnfbGd+jw==",
      "requires": {
        "is-svg": "^3.0.0",
        "postcss": "^7.0.0",
        "postcss-value-parser": "^3.0.0",
        "svgo": "^1.0.0"
      },
      "dependencies": {
        "supports-color": {
          "version": "6.1.0",
          "resolved": "https://registry.npmjs.org/supports-color/-/supports-color-6.1.0.tgz",
          "integrity": "sha512-qe1jfm1Mg7Nq/NSh6XE24gPXROEVsWHxC1LIx//XNlD9iw7YZQGjZNjYN7xGaEG6iKdA8EtNFW6R0gjnVXp+wQ==",
          "requires": {
            "has-flag": "^3.0.0"
          }
        }
      }
    },
    "postcss-unique-selectors": {
      "version": "4.0.1",
      "resolved": "https://registry.npmjs.org/postcss-unique-selectors/-/postcss-unique-selectors-4.0.1.tgz",
      "integrity": "sha512-+JanVaryLo9QwZjKrmJgkI4Fn8SBgRO6WXQBJi7KiAVPlmxikB5Jzc4EvXMT2H0/m0RjrVVm9rGNhZddm/8Spg==",
      "requires": {
        "alphanum-sort": "^1.0.0",
        "postcss": "^7.0.0",
        "uniqs": "^2.0.0"
      },
      "dependencies": {
        "supports-color": {
          "version": "6.1.0",
          "resolved": "https://registry.npmjs.org/supports-color/-/supports-color-6.1.0.tgz",
          "integrity": "sha512-qe1jfm1Mg7Nq/NSh6XE24gPXROEVsWHxC1LIx//XNlD9iw7YZQGjZNjYN7xGaEG6iKdA8EtNFW6R0gjnVXp+wQ==",
          "requires": {
            "has-flag": "^3.0.0"
          }
        }
      }
    },
    "supports-color": {
      "version": "5.5.0",
      "resolved": "https://registry.npmjs.org/supports-color/-/supports-color-5.5.0.tgz",
      "integrity": "sha512-QjVjwdXIt408MIiAqCX4oUKsgU2EqAGzs2Ppkm4aQYbjm+ZEWEcW4SfFNTr4uMNZma0ey4f5lgLrkB0aX0QMow==",
      "requires": {
        "has-flag": "^3.0.0"
      }
    }
  }
}
