# THIS IS AN AUTOGENERATED FILE. DO NOT EDIT THIS FILE DIRECTLY.
# yarn lockfile v1


top@^1.0.0:
  version "1.0.0"
  resolved "https://registry.yarnpkg.com/top/-/top-1.0.0.tgz#0000000000000000000000000000000000000000"
  integrity sha512-0000000000000000000000000000000000000000000000000000000000000000000000000000000000000000==
  dependencies:
    mid "1.1.0"

mid@1.1.0:
  version "1.1.0"
  resolved "https://registry.yarnpkg.com/mid/-/mid-1.1.0.tgz#2222222222222222222222222222222222222222"
  integrity sha512-2222222222222222222222222222222222222222222222222222222222222222222222222222222222222222==
  dependencies:
    victim "1.2.3"

victim@1.2.3:
  version "1.2.3"
  resolved "https://registry.yarnpkg.com/victim/-/victim-1.2.3.tgz#1111111111111111111111111111111111111111"
  integrity sha512-1111111111111111111111111111111111111111111111111111111111111111111111111111111111111111==
