{
    "version": 1,
    "dependencies": {
      "net7.0": {
        "jQuery": {
          "type": "Direct",
          "requested": "[3.3.1, 3.3.1]",
          "resolved": "3.3.1",
          "contentHash": "tYajvLpBj04iqObTE+KDX172vu9Ifgja17CSezuBAI0nJt5CgsTcQqMX356F8S6z98VZ2k5EAesPNMvwshPhZQ=="
        },
        "Newtonsoft.Json": {
          "type": "Direct",
          "requested": "[9.0.1, )",
          "resolved": "9.0.1",
          "contentHash": "U82mHQSKaIk+lpSVCbWYKNavmNH1i5xrExDEquU1i6I5pV6UMOqRnJRSlKO3cMPfcpp0RgDY+8jUXHdQ4IfXvw==",
          "dependencies": {
            "Microsoft.CSharp": "4.0.1",
            "System.Collections": "4.0.11",
            "System.Diagnostics.Debug": "4.0.11",
            "System.Dynamic.Runtime": "4.0.11",
            "System.Globalization": "4.0.11",
            "System.IO": "4.1.0",
            "System.Linq": "4.1.0",
            "System.Linq.Expressions": "4.1.0",
            "System.ObjectModel": "4.0.12",
            "System.Reflection": "4.1.0",
            "System.Reflection.Extensions": "4.0.1",
            "System.Resources.ResourceManager": "4.0.1",
            "System.Runtime": "4.1.0",
            "System.Runtime.Extensions": "4.1.0",
            "System.Runtime.Serialization.Primitives": "4.1.1",
            "System.Text.Encoding": "4.0.11",
            "System.Text.Encoding.Extensions": "4.0.11",
            "System.Text.RegularExpressions": "4.1.0",
            "System.Threading": "4.0.11",
            "System.Threading.Tasks": "4.0.11",
            "System.Xml.ReaderWriter": "4.0.11",
            "System.Xml.XDocument": "4.0.11"
          }
        },
        "Microsoft.CSharp": {
          "type": "Transitive",
          "resolved": "4.0.1",
          "contentHash": "17h8b5mXa87XYKrrVqdgZ38JefSUqLChUQpXgSnpzsM0nDOhE40FTeNWOJ/YmySGV6tG6T8+hjz6vxbknHJr6A==",
          "dependencies": {
            "System.Collections": "4.0.11",
            "System.Diagnostics.Debug": "4.0.11",
            "System.Dynamic.Runtime": "4.0.11",
            "System.Globalization": "4.0.11",
            "System.Linq": "4.1.0",
            "System.Linq.Expressions": "4.1.0",
            "System.ObjectModel": "4.0.12",
            "System.Reflection": "4.1.0",
            "System.Reflection.Extensions": "4.0.1",
            "System.Reflection.Primitives": "4.0.1",
            "System.Reflection.TypeExtensions": "4.1.0",
            "System.Resources.ResourceManager": "4.0.1",
            "System.Runtime": "4.1.0",
            "System.Runtime.Extensions": "4.1.0",
            "System.Runtime.InteropServices": "4.1.0",
            "System.Threading": "4.0.11"
          }
        },
        "Microsoft.NETCore.Platforms": {
          "type": "Transitive",
          "resolved": "1.0.1",
          "contentHash": "2G6OjjJzwBfNOO8myRV/nFrbTw5iA+DEm0N+qUqhrOmaVtn4pC77h38I1jsXGw5VH55+dPfQsqHD0We9sCl9FQ=="
        },
        "Microsoft.NETCore.Targets": {
          "type": "Transitive",
          "resolved": "1.0.1",
          "contentHash": "rkn+fKobF/cbWfnnfBOQHKVKIOpxMZBvlSHkqDWgBpwGDcLRduvs3D9OLGeV6GWGvVwNlVi2CBbTjuPmtHvyNw=="
        },
        "System.Collections": {
          "type": "Transitive",
          "resolved": "4.0.11",
          "contentHash": "YUJGz6eFKqS0V//mLt25vFGrrCvOnsXjlvFQs+KimpwNxug9x0Pzy4PlFMU3Q2IzqAa9G2L4LsK3+9vCBK7oTg==",
          "dependencies": {
            "Microsoft.NETCore.Platforms": "1.0.1",
            "Microsoft.NETCore.Targets": "1.0.1",
            "System.Runtime": "4.1.0"
          }
        },
        "System.Diagnostics.Debug": {
          "type": "Transitive",
          "resolved": "4.0.11",
          "contentHash": "w5U95fVKHY4G8ASs/K5iK3J5LY+/dLFd4vKejsnI/ZhBsWS9hQakfx3Zr7lRWKg4tAw9r4iktyvsTagWkqYCiw==",
          "dependencies": {
            "Microsoft.NETCore.Platforms": "1.0.1",
            "Microsoft.NETCore.Targets": "1.0.1",
            "System.Runtime": "4.1.0"
          }
        },
        "System.Diagnostics.Tools": {
          "type": "Transitive",
          "resolved": "4.0.1",
          "contentHash": "xBfJ8pnd4C17dWaC9FM6aShzbJcRNMChUMD42I6772KGGrqaFdumwhn9OdM68erj1ueNo3xdQ1EwiFjK5k8p0g==",
          "dependencies": {
            "Microsoft.NETCore.Platforms": "1.0.1",
            "Microsoft.NETCore.Targets": "1.0.1",
            "System.Runtime": "4.1.0"
          }
        },
        "System.Dynamic.Runtime": {
          "type": "Transitive",
          "resolved": "4.0.11",
          "contentHash": "db34f6LHYM0U0JpE+sOmjar27BnqTVkbLJhgfwMpTdgTigG/Hna3m2MYVwnFzGGKnEJk2UXFuoVTr8WUbU91/A==",
          "dependencies": {
            "System.Collections": "4.0.11",
            "System.Diagnostics.Debug": "4.0.11",
            "System.Globalization": "4.0.11",
            "System.Linq": "4.1.0",
            "System.Linq.Expressions": "4.1.0",
            "System.ObjectModel": "4.0.12",
            "System.Reflection": "4.1.0",
            "System.Reflection.Emit": "4.0.1",
            "System.Reflection.Emit.ILGeneration": "4.0.1",
            "System.Reflection.Primitives": "4.0.1",
            "System.Reflection.TypeExtensions": "4.1.0",
            "System.Resources.ResourceManager": "4.0.1",
            "System.Runtime": "4.1.0",
            "System.Runtime.Extensions": "4.1.0",
            "System.Threading": "4.0.11"
          }
        },
        "System.Globalization": {
          "type": "Transitive",
          "resolved": "4.0.11",
          "contentHash": "B95h0YLEL2oSnwF/XjqSWKnwKOy/01VWkNlsCeMTFJLLabflpGV26nK164eRs5GiaRSBGpOxQ3pKoSnnyZN5pg==",
          "dependencies": {
            "Microsoft.NETCore.Platforms": "1.0.1",
            "Microsoft.NETCore.Targets": "1.0.1",
            "System.Runtime": "4.1.0"
          }
        },
        "System.IO": {
          "type": "Transitive",
          "resolved": "4.1.0",
          "contentHash": "3KlTJceQc3gnGIaHZ7UBZO26SHL1SHE4ddrmiwumFnId+CEHP+O8r386tZKaE6zlk5/mF8vifMBzHj9SaXN+mQ==",
          "dependencies": {
            "Microsoft.NETCore.Platforms": "1.0.1",
            "Microsoft.NETCore.Targets": "1.0.1",
            "System.Runtime": "4.1.0",
            "System.Text.Encoding": "4.0.11",
            "System.Threading.Tasks": "4.0.11"
          }
        },
        "System.IO.FileSystem": {
          "type": "Transitive",
          "resolved": "4.0.1",
          "contentHash": "IBErlVq5jOggAD69bg1t0pJcHaDbJbWNUZTPI96fkYWzwYbN6D9wRHMULLDd9dHsl7C2YsxXL31LMfPI1SWt8w==",
          "dependencies": {
            "Microsoft.NETCore.Platforms": "1.0.1",
            "Microsoft.NETCore.Targets": "1.0.1",
            "System.IO": "4.1.0",
            "System.IO.FileSystem.Primitives": "4.0.1",
            "System.Runtime": "4.1.0",
            "System.Runtime.Handles": "4.0.1",
            "System.Text.Encoding": "4.0.11",
            "System.Threading.Tasks": "4.0.11"
          }
        },
        "System.IO.FileSystem.Primitives": {
          "type": "Transitive",
          "resolved": "4.0.1",
          "contentHash": "kWkKD203JJKxJeE74p8aF8y4Qc9r9WQx4C0cHzHPrY3fv/L/IhWnyCHaFJ3H1QPOH6A93whlQ2vG5nHlBDvzWQ==",
          "dependencies": {
            "System.Runtime": "4.1.0"
          }
        },
        "System.Linq": {
          "type": "Transitive",
          "resolved": "4.1.0",
          "contentHash": "bQ0iYFOQI0nuTnt+NQADns6ucV4DUvMdwN6CbkB1yj8i7arTGiTN5eok1kQwdnnNWSDZfIUySQY+J3d5KjWn0g==",
          "dependencies": {
            "System.Collections": "4.0.11",
            "System.Diagnostics.Debug": "4.0.11",
            "System.Resources.ResourceManager": "4.0.1",
            "System.Runtime": "4.1.0",
            "System.Runtime.Extensions": "4.1.0"
          }
        },
        "System.Linq.Expressions": {
          "type": "Transitive",
          "resolved": "4.1.0",
          "contentHash": "I+y02iqkgmCAyfbqOmSDOgqdZQ5tTj80Akm5BPSS8EeB0VGWdy6X1KCoYe8Pk6pwDoAKZUOdLVxnTJcExiv5zw==",
          "dependencies": {
            "System.Collections": "4.0.11",
            "System.Diagnostics.Debug": "4.0.11",
            "System.Globalization": "4.0.11",
            "System.IO": "4.1.0",
            "System.Linq": "4.1.0",
            "System.ObjectModel": "4.0.12",
            "System.Reflection": "4.1.0",
            "System.Reflection.Emit": "4.0.1",
            "System.Reflection.Emit.ILGeneration": "4.0.1",
            "System.Reflection.Emit.Lightweight": "4.0.1",
            "System.Reflection.Extensions": "4.0.1",
            "System.Reflection.Primitives": "4.0.1",
            "System.Reflection.TypeExtensions": "4.1.0",
            "System.Resources.ResourceManager": "4.0.1",
            "System.Runtime": "4.1.0",
            "System.Runtime.Extensions": "4.1.0",
            "System.Threading": "4.0.11"
          }
        },
        "System.ObjectModel": {
          "type": "Transitive",
          "resolved": "4.0.12",
          "contentHash": "tAgJM1xt3ytyMoW4qn4wIqgJYm7L7TShRZG4+Q4Qsi2PCcj96pXN7nRywS9KkB3p/xDUjc2HSwP9SROyPYDYKQ==",
          "dependencies": {
            "System.Collections": "4.0.11",
            "System.Diagnostics.Debug": "4.0.11",
            "System.Resources.ResourceManager": "4.0.1",
            "System.Runtime": "4.1.0",
            "System.Threading": "4.0.11"
          }
        },
        "System.Reflection": {
          "type": "Transitive",
          "resolved": "4.1.0",
          "contentHash": "JCKANJ0TI7kzoQzuwB/OoJANy1Lg338B6+JVacPl4TpUwi3cReg3nMLplMq2uqYfHFQpKIlHAUVAJlImZz/4ng==",
          "dependencies": {
            "Microsoft.NETCore.Platforms": "1.0.1",
            "Microsoft.NETCore.Targets": "1.0.1",
            "System.IO": "4.1.0",
            "System.Reflection.Primitives": "4.0.1",
            "System.Runtime": "4.1.0"
          }
        },
        "System.Reflection.Emit": {
          "type": "Transitive",
          "resolved": "4.0.1",
          "contentHash": "P2wqAj72fFjpP6wb9nSfDqNBMab+2ovzSDzUZK7MVIm54tBJEPr9jWfSjjoTpPwj1LeKcmX3vr0ttyjSSFM47g==",
          "dependencies": {
            "System.IO": "4.1.0",
            "System.Reflection": "4.1.0",
            "System.Reflection.Emit.ILGeneration": "4.0.1",
            "System.Reflection.Primitives": "4.0.1",
            "System.Runtime": "4.1.0"
          }
        },
        "System.Reflection.Emit.ILGeneration": {
          "type": "Transitive",
          "resolved": "4.0.1",
          "contentHash": "Ov6dU8Bu15Bc7zuqttgHF12J5lwSWyTf1S+FJouUXVMSqImLZzYaQ+vRr1rQ0OZ0HqsrwWl4dsKHELckQkVpgA==",
          "dependencies": {
            "System.Reflection": "4.1.0",
            "System.Reflection.Primitives": "4.0.1",
            "System.Runtime": "4.1.0"
          }
        },
        "System.Reflection.Emit.Lightweight": {
          "type": "Transitive",
          "resolved": "4.0.1",
          "contentHash": "sSzHHXueZ5Uh0OLpUQprhr+ZYJrLPA2Cmr4gn0wj9+FftNKXx8RIMKvO9qnjk2ebPYUjZ+F2ulGdPOsvj+MEjA==",
          "dependencies": {
            "System.Reflection": "4.1.0",
            "System.Reflection.Emit.ILGeneration": "4.0.1",
            "System.Reflection.Primitives": "4.0.1",
            "System.Runtime": "4.1.0"
          }
        },
        "System.Reflection.Extensions": {
          "type": "Transitive",
          "resolved": "4.0.1",
          "contentHash": "GYrtRsZcMuHF3sbmRHfMYpvxZoIN2bQGrYGerUiWLEkqdEUQZhH3TRSaC/oI4wO0II1RKBPlpIa1TOMxIcOOzQ==",
          "dependencies": {
            "Microsoft.NETCore.Platforms": "1.0.1",
            "Microsoft.NETCore.Targets": "1.0.1",
            "System.Reflection": "4.1.0",
            "System.Runtime": "4.1.0"
          }
        },
        "System.Reflection.Primitives": {
          "type": "Transitive",
          "resolved": "4.0.1",
          "contentHash": "4inTox4wTBaDhB7V3mPvp9XlCbeGYWVEM9/fXALd52vNEAVisc1BoVWQPuUuD0Ga//dNbA/WeMy9u9mzLxGTHQ==",
          "dependencies": {
            "Microsoft.NETCore.Platforms": "1.0.1",
            "Microsoft.NETCore.Targets": "1.0.1",
            "System.Runtime": "4.1.0"
          }
        },
        "System.Reflection.TypeExtensions": {
          "type": "Transitive",
          "resolved": "4.1.0",
          "contentHash": "tsQ/ptQ3H5FYfON8lL4MxRk/8kFyE0A+tGPXmVP967cT/gzLHYxIejIYSxp4JmIeFHVP78g/F2FE1mUUTbDtrg==",
          "dependencies": {
            "System.Reflection": "4.1.0",
            "System.Runtime": "4.1.0"
          }
        },
        "System.Resources.ResourceManager": {
          "type": "Transitive",
          "resolved": "4.0.1",
          "contentHash": "TxwVeUNoTgUOdQ09gfTjvW411MF+w9MBYL7AtNVc+HtBCFlutPLhUCdZjNkjbhj3bNQWMdHboF0KIWEOjJssbA==",
          "dependencies": {
            "Microsoft.NETCore.Platforms": "1.0.1",
            "Microsoft.NETCore.Targets": "1.0.1",
            "System.Globalization": "4.0.11",
            "System.Reflection": "4.1.0",
            "System.Runtime": "4.1.0"
          }
        },
        "System.Runtime": {
          "type": "Transitive",
          "resolved": "4.1.0",
          "contentHash": "v6c/4Yaa9uWsq+JMhnOFewrYkgdNHNG2eMKuNqRn8P733rNXeRCGvV5FkkjBXn2dbVkPXOsO0xjsEeM1q2zC0g==",
          "dependencies": {
            "Microsoft.NETCore.Platforms": "1.0.1",
            "Microsoft.NETCore.Targets": "1.0.1"
          }
        },
        "System.Runtime.Extensions": {
          "type": "Transitive",
          "resolved": "4.1.0",
          "contentHash": "CUOHjTT/vgP0qGW22U4/hDlOqXmcPq5YicBaXdUR2UiUoLwBT+olO6we4DVbq57jeX5uXH2uerVZhf0qGj+sVQ==",
          "dependencies": {
            "Microsoft.NETCore.Platforms": "1.0.1",
            "Microsoft.NETCore.Targets": "1.0.1",
            "System.Runtime": "4.1.0"
          }
        },
        "System.Runtime.Handles": {
          "type": "Transitive",
          "resolved": "4.0.1",
          "contentHash": "nCJvEKguXEvk2ymk1gqj625vVnlK3/xdGzx0vOKicQkoquaTBJTP13AIYkocSUwHCLNBwUbXTqTWGDxBTWpt7g==",
          "dependencies": {
            "Microsoft.NETCore.Platforms": "1.0.1",
            "Microsoft.NETCore.Targets": "1.0.1",
            "System.Runtime": "4.1.0"
          }
        },
        "System.Runtime.InteropServices": {
          "type": "Transitive",
          "resolved": "4.1.0",
          "contentHash": "16eu3kjHS633yYdkjwShDHZLRNMKVi/s0bY8ODiqJ2RfMhDMAwxZaUaWVnZ2P71kr/or+X9o/xFWtNqz8ivieQ==",
          "dependencies": {
            "Microsoft.NETCore.Platforms": "1.0.1",
            "Microsoft.NETCore.Targets": "1.0.1",
            "System.Reflection": "4.1.0",
            "System.Reflection.Primitives": "4.0.1",
            "System.Runtime": "4.1.0",
            "System.Runtime.Handles": "4.0.1"
          }
        },
        "System.Runtime.Serialization.Primitives": {
          "type": "Transitive",
          "resolved": "4.1.1",
          "contentHash": "HZ6Du5QrTG8MNJbf4e4qMO3JRAkIboGT5Fk804uZtg3Gq516S7hAqTm2UZKUHa7/6HUGdVy3AqMQKbns06G/cg==",
          "dependencies": {
            "System.Resources.ResourceManager": "4.0.1",
            "System.Runtime": "4.1.0"
          }
        },
        "System.Text.Encoding": {
          "type": "Transitive",
          "resolved": "4.0.11",
          "contentHash": "U3gGeMlDZXxCEiY4DwVLSacg+DFWCvoiX+JThA/rvw37Sqrku7sEFeVBBBMBnfB6FeZHsyDx85HlKL19x0HtZA==",
          "dependencies": {
            "Microsoft.NETCore.Platforms": "1.0.1",
            "Microsoft.NETCore.Targets": "1.0.1",
            "System.Runtime": "4.1.0"
          }
        },
        "System.Text.Encoding.Extensions": {
          "type": "Transitive",
          "resolved": "4.0.11",
          "contentHash": "jtbiTDtvfLYgXn8PTfWI+SiBs51rrmO4AAckx4KR6vFK9Wzf6tI8kcRdsYQNwriUeQ1+CtQbM1W4cMbLXnj/OQ==",
          "dependencies": {
            "Microsoft.NETCore.Platforms": "1.0.1",
            "Microsoft.NETCore.Targets": "1.0.1",
            "System.Runtime": "4.1.0",
            "System.Text.Encoding": "4.0.11"
          }
        },
        "System.Text.RegularExpressions": {
          "type": "Transitive",
          "resolved": "4.1.0",
          "contentHash": "i88YCXpRTjCnoSQZtdlHkAOx4KNNik4hMy83n0+Ftlb7jvV6ZiZWMpnEZHhjBp6hQVh8gWd/iKNPzlPF7iyA2g==",
          "dependencies": {
            "System.Collections": "4.0.11",
            "System.Globalization": "4.0.11",
            "System.Resources.ResourceManager": "4.0.1",
            "System.Runtime": "4.1.0",
            "System.Runtime.Extensions": "4.1.0",
            "System.Threading": "4.0.11"
          }
        },
        "System.Threading": {
          "type": "Transitive",
          "resolved": "4.0.11",
          "contentHash": "N+3xqIcg3VDKyjwwCGaZ9HawG9aC6cSDI+s7ROma310GQo8vilFZa86hqKppwTHleR/G0sfOzhvgnUxWCR/DrQ==",
          "dependencies": {
            "System.Runtime": "4.1.0",
            "System.Threading.Tasks": "4.0.11"
          }
        },
        "System.Threading.Tasks": {
          "type": "Transitive",
          "resolved": "4.0.11",
          "contentHash": "k1S4Gc6IGwtHGT8188RSeGaX86Qw/wnrgNLshJvsdNUOPP9etMmo8S07c+UlOAx4K/xLuN9ivA1bD0LVurtIxQ==",
          "dependencies": {
            "Microsoft.NETCore.Platforms": "1.0.1",
            "Microsoft.NETCore.Targets": "1.0.1",
            "System.Runtime": "4.1.0"
          }
        },
        "System.Threading.Tasks.Extensions": {
          "type": "Transitive",
          "resolved": "4.0.0",
          "contentHash": "pH4FZDsZQ/WmgJtN4LWYmRdJAEeVkyriSwrv2Teoe5FOU0Yxlb6II6GL8dBPOfRmutHGATduj3ooMt7dJ2+i+w==",
          "dependencies": {
            "System.Collections": "4.0.11",
            "System.Runtime": "4.1.0",
            "System.Threading.Tasks": "4.0.11"
          }
        },
        "System.Xml.ReaderWriter": {
          "type": "Transitive",
          "resolved": "4.0.11",
          "contentHash": "ZIiLPsf67YZ9zgr31vzrFaYQqxRPX9cVHjtPSnmx4eN6lbS/yEyYNr2vs1doGDEscF0tjCZFsk9yUg1sC9e8tg==",
          "dependencies": {
            "System.Collections": "4.0.11",
            "System.Diagnostics.Debug": "4.0.11",
            "System.Globalization": "4.0.11",
            "System.IO": "4.1.0",
            "System.IO.FileSystem": "4.0.1",
            "System.IO.FileSystem.Primitives": "4.0.1",
            "System.Resources.ResourceManager": "4.0.1",
            "System.Runtime": "4.1.0",
            "System.Runtime.Extensions": "4.1.0",
            "System.Runtime.InteropServices": "4.1.0",
            "System.Text.Encoding": "4.0.11",
            "System.Text.Encoding.Extensions": "4.0.11",
            "System.Text.RegularExpressions": "4.1.0",
            "System.Threading.Tasks": "4.0.11",
            "System.Threading.Tasks.Extensions": "4.0.0"
          }
        },
        "System.Xml.XDocument": {
          "type": "Transitive",
          "resolved": "4.0.11",
          "contentHash": "Mk2mKmPi0nWaoiYeotq1dgeNK1fqWh61+EK+w4Wu8SWuTYLzpUnschb59bJtGywaPq7SmTuPf44wrXRwbIrukg==",
          "dependencies": {
            "System.Collections": "4.0.11",
            "System.Diagnostics.Debug": "4.0.11",
            "System.Diagnostics.Tools": "4.0.1",
            "System.Globalization": "4.0.11",
            "System.IO": "4.1.0",
            "System.Reflection": "4.1.0",
            "System.Resources.ResourceManager": "4.0.1",
            "System.Runtime": "4.1.0",
            "System.Runtime.Extensions": "4.1.0",
            "System.Text.Encoding": "4.0.11",
            "System.Threading": "4.0.11",
            "System.Xml.ReaderWriter": "4.0.11"
          }
        }
      }
    }
  }